
Microsoft Visual Studio Solution File, Format Version 12.00
# Visual Studio Version 17
VisualStudioVersion = 17.10.35004.147
MinimumVisualStudioVersion = 10.0.40219.1
Project("{9A19103F-16F7-4668-BE54-9A1E7A4F7556}") = "starwars", "starwars.csproj", "{8FEFE094-BD73-4F68-972F-5F70ACC96184}"
EndProject
Project("{FAE04EC0-301F-11D3-BF4B-00C04F79EFBC}") = "StarWarsAPITests", "..\StarWarsAPITests\StarWarsAPITests.csproj", "{27C22B40-2791-427C-BC82-D975EFF2125E}"
EndProject
Global
	GlobalSection(SolutionConfigurationPlatforms) = preSolution
		Debug|Any CPU = Debug|Any CPU
		Release|Any CPU = Release|Any CPU
	EndGlobalSection
	GlobalSection(ProjectConfigurationPlatforms) = postSolution
		{8FEFE094-BD73-4F68-972F-5F70ACC96184}.Debug|Any CPU.ActiveCfg = Debug|Any CPU
		{8FEFE094-BD73-4F68-972F-5F70ACC96184}.Debug|Any CPU.Build.0 = Debug|Any CPU
		{8FEFE094-BD73-4F68-972F-5F70ACC96184}.Release|Any CPU.ActiveCfg = Release|Any CPU
		{8FEFE094-BD73-4F68-972F-5F70ACC96184}.Release|Any CPU.Build.0 = Release|Any CPU
		{27C22B40-2791-427C-BC82-D975EFF2125E}.Debug|Any CPU.ActiveCfg = Debug|Any CPU
		{27C22B40-2791-427C-BC82-D975EFF2125E}.Debug|Any CPU.Build.0 = Debug|Any CPU
		{27C22B40-2791-427C-BC82-D975EFF2125E}.Release|Any CPU.ActiveCfg = Release|Any CPU
		{27C22B40-2791-427C-BC82-D975EFF2125E}.Release|Any CPU.Build.0 = Release|Any CPU
	EndGlobalSection
	GlobalSection(SolutionProperties) = preSolution
		HideSolutionNode = FALSE
	EndGlobalSection
	GlobalSection(ExtensibilityGlobals) = postSolution
		SolutionGuid = {6F0347FF-F7B2-431F-846D-BFAEC4A45851}
	EndGlobalSection
EndGlobal
